
Microsoft Visual Studio Solution File, Format Version 12.00
# Visual Studio Version 17
VisualStudioVersion = 17.0.31903.59
MinimumVisualStudioVersion = 10.0.40219.1
Project("{2150E333-8FDC-42A3-9474-1A3956D46DE8}") = "src", "src", "{827E0CD3-B72D-47B6-A68D-7590B98EB39B}"
EndProject
Project("{FAE04EC0-301F-11D3-BF4B-00C04F79EFBC}") = "Genesis.AI.Api", "src\Genesis.AI.Api\Genesis.AI.Api.csproj", "{87A84B2D-54D3-4925-BD1B-465D87794875}"
EndProject
Project("{FAE04EC0-301F-11D3-BF4B-00C04F79EFBC}") = "Genesis.AI.Core", "src\Genesis.AI.Core\Genesis.AI.Core.csproj", "{50762974-2B83-4E65-8ABF-85ACBE1448D0}"
EndProject
Project("{FAE04EC0-301F-11D3-BF4B-00C04F79EFBC}") = "Genesis.AI.Domain", "src\Genesis.AI.Domain\Genesis.AI.Domain.csproj", "{9205E062-8835-43A9-BBFB-5CEED3342180}"
EndProject
Project("{FAE04EC0-301F-11D3-BF4B-00C04F79EFBC}") = "Genesis.AI.Infrastructure", "src\Genesis.AI.Infrastructure\Genesis.AI.Infrastructure.csproj", "{DF1C0486-F0FC-43BC-94D9-4CFB42CFCACB}"
EndProject
Project("{2150E333-8FDC-42A3-9474-1A3956D46DE8}") = "tests", "tests", "{0AB3BF05-4346-4AA6-1389-037BE0695223}"
EndProject
Project("{FAE04EC0-301F-11D3-BF4B-00C04F79EFBC}") = "Genesis.AI.Tests", "tests\Genesis.AI.Tests\Genesis.AI.Tests.csproj", "{BDDBEFA1-35A1-47F9-92EE-FD71DA770EC9}"
EndProject
Project("{FAE04EC0-301F-11D3-BF4B-00C04F79EFBC}") = "Genesis.AI.TestFramework", "tests\Genesis.AI.TestFramework\Genesis.AI.TestFramework.csproj", "{013C3CB2-7E53-4DF2-BCD1-3A77AF7FCC7B}"
EndProject
Project("{FAE04EC0-301F-11D3-BF4B-00C04F79EFBC}") = "Genesis.AI.IntegrationTests", "tests\Genesis.AI.IntegrationTests\Genesis.AI.IntegrationTests.csproj", "{AE83209D-4A70-4271-B659-345440741216}"
EndProject
Project("{FAE04EC0-301F-11D3-BF4B-00C04F79EFBC}") = "Genesis.AI.ApiTests", "tests\Genesis.AI.ApiTests\Genesis.AI.ApiTests.csproj", "{BC975C5C-1F93-4C4A-B0CF-BF71E8941709}"
EndProject
Global
	GlobalSection(SolutionConfigurationPlatforms) = preSolution
		Debug|Any CPU = Debug|Any CPU
		Debug|x64 = Debug|x64
		Debug|x86 = Debug|x86
		Release|Any CPU = Release|Any CPU
		Release|x64 = Release|x64
		Release|x86 = Release|x86
	EndGlobalSection
	GlobalSection(ProjectConfigurationPlatforms) = postSolution
		{87A84B2D-54D3-4925-BD1B-465D87794875}.Debug|Any CPU.ActiveCfg = Debug|Any CPU
		{87A84B2D-54D3-4925-BD1B-465D87794875}.Debug|Any CPU.Build.0 = Debug|Any CPU
		{87A84B2D-54D3-4925-BD1B-465D87794875}.Debug|x64.ActiveCfg = Debug|Any CPU
		{87A84B2D-54D3-4925-BD1B-465D87794875}.Debug|x64.Build.0 = Debug|Any CPU
		{87A84B2D-54D3-4925-BD1B-465D87794875}.Debug|x86.ActiveCfg = Debug|Any CPU
		{87A84B2D-54D3-4925-BD1B-465D87794875}.Debug|x86.Build.0 = Debug|Any CPU
		{87A84B2D-54D3-4925-BD1B-465D87794875}.Release|Any CPU.ActiveCfg = Release|Any CPU
		{87A84B2D-54D3-4925-BD1B-465D87794875}.Release|Any CPU.Build.0 = Release|Any CPU
		{87A84B2D-54D3-4925-BD1B-465D87794875}.Release|x64.ActiveCfg = Release|Any CPU
		{87A84B2D-54D3-4925-BD1B-465D87794875}.Release|x64.Build.0 = Release|Any CPU
		{87A84B2D-54D3-4925-BD1B-465D87794875}.Release|x86.ActiveCfg = Release|Any CPU
		{87A84B2D-54D3-4925-BD1B-465D87794875}.Release|x86.Build.0 = Release|Any CPU
		{50762974-2B83-4E65-8ABF-85ACBE1448D0}.Debug|Any CPU.ActiveCfg = Debug|Any CPU
		{50762974-2B83-4E65-8ABF-85ACBE1448D0}.Debug|Any CPU.Build.0 = Debug|Any CPU
		{50762974-2B83-4E65-8ABF-85ACBE1448D0}.Debug|x64.ActiveCfg = Debug|Any CPU
		{50762974-2B83-4E65-8ABF-85ACBE1448D0}.Debug|x64.Build.0 = Debug|Any CPU
		{50762974-2B83-4E65-8ABF-85ACBE1448D0}.Debug|x86.ActiveCfg = Debug|Any CPU
		{50762974-2B83-4E65-8ABF-85ACBE1448D0}.Debug|x86.Build.0 = Debug|Any CPU
		{50762974-2B83-4E65-8ABF-85ACBE1448D0}.Release|Any CPU.ActiveCfg = Release|Any CPU
		{50762974-2B83-4E65-8ABF-85ACBE1448D0}.Release|Any CPU.Build.0 = Release|Any CPU
		{50762974-2B83-4E65-8ABF-85ACBE1448D0}.Release|x64.ActiveCfg = Release|Any CPU
		{50762974-2B83-4E65-8ABF-85ACBE1448D0}.Release|x64.Build.0 = Release|Any CPU
		{50762974-2B83-4E65-8ABF-85ACBE1448D0}.Release|x86.ActiveCfg = Release|Any CPU
		{50762974-2B83-4E65-8ABF-85ACBE1448D0}.Release|x86.Build.0 = Release|Any CPU
		{9205E062-8835-43A9-BBFB-5CEED3342180}.Debug|Any CPU.ActiveCfg = Debug|Any CPU
		{9205E062-8835-43A9-BBFB-5CEED3342180}.Debug|Any CPU.Build.0 = Debug|Any CPU
		{9205E062-8835-43A9-BBFB-5CEED3342180}.Debug|x64.ActiveCfg = Debug|Any CPU
		{9205E062-8835-43A9-BBFB-5CEED3342180}.Debug|x64.Build.0 = Debug|Any CPU
		{9205E062-8835-43A9-BBFB-5CEED3342180}.Debug|x86.ActiveCfg = Debug|Any CPU
		{9205E062-8835-43A9-BBFB-5CEED3342180}.Debug|x86.Build.0 = Debug|Any CPU
		{9205E062-8835-43A9-BBFB-5CEED3342180}.Release|Any CPU.ActiveCfg = Release|Any CPU
		{9205E062-8835-43A9-BBFB-5CEED3342180}.Release|Any CPU.Build.0 = Release|Any CPU
		{9205E062-8835-43A9-BBFB-5CEED3342180}.Release|x64.ActiveCfg = Release|Any CPU
		{9205E062-8835-43A9-BBFB-5CEED3342180}.Release|x64.Build.0 = Release|Any CPU
		{9205E062-8835-43A9-BBFB-5CEED3342180}.Release|x86.ActiveCfg = Release|Any CPU
		{9205E062-8835-43A9-BBFB-5CEED3342180}.Release|x86.Build.0 = Release|Any CPU
		{DF1C0486-F0FC-43BC-94D9-4CFB42CFCACB}.Debug|Any CPU.ActiveCfg = Debug|Any CPU
		{DF1C0486-F0FC-43BC-94D9-4CFB42CFCACB}.Debug|Any CPU.Build.0 = Debug|Any CPU
		{DF1C0486-F0FC-43BC-94D9-4CFB42CFCACB}.Debug|x64.ActiveCfg = Debug|Any CPU
		{DF1C0486-F0FC-43BC-94D9-4CFB42CFCACB}.Debug|x64.Build.0 = Debug|Any CPU
		{DF1C0486-F0FC-43BC-94D9-4CFB42CFCACB}.Debug|x86.ActiveCfg = Debug|Any CPU
		{DF1C0486-F0FC-43BC-94D9-4CFB42CFCACB}.Debug|x86.Build.0 = Debug|Any CPU
		{DF1C0486-F0FC-43BC-94D9-4CFB42CFCACB}.Release|Any CPU.ActiveCfg = Release|Any CPU
		{DF1C0486-F0FC-43BC-94D9-4CFB42CFCACB}.Release|Any CPU.Build.0 = Release|Any CPU
		{DF1C0486-F0FC-43BC-94D9-4CFB42CFCACB}.Release|x64.ActiveCfg = Release|Any CPU
		{DF1C0486-F0FC-43BC-94D9-4CFB42CFCACB}.Release|x64.Build.0 = Release|Any CPU
		{DF1C0486-F0FC-43BC-94D9-4CFB42CFCACB}.Release|x86.ActiveCfg = Release|Any CPU
		{DF1C0486-F0FC-43BC-94D9-4CFB42CFCACB}.Release|x86.Build.0 = Release|Any CPU
		{BDDBEFA1-35A1-47F9-92EE-FD71DA770EC9}.Debug|Any CPU.ActiveCfg = Debug|Any CPU
		{BDDBEFA1-35A1-47F9-92EE-FD71DA770EC9}.Debug|Any CPU.Build.0 = Debug|Any CPU
		{BDDBEFA1-35A1-47F9-92EE-FD71DA770EC9}.Debug|x64.ActiveCfg = Debug|Any CPU
		{BDDBEFA1-35A1-47F9-92EE-FD71DA770EC9}.Debug|x64.Build.0 = Debug|Any CPU
		{BDDBEFA1-35A1-47F9-92EE-FD71DA770EC9}.Debug|x86.ActiveCfg = Debug|Any CPU
		{BDDBEFA1-35A1-47F9-92EE-FD71DA770EC9}.Debug|x86.Build.0 = Debug|Any CPU
		{BDDBEFA1-35A1-47F9-92EE-FD71DA770EC9}.Release|Any CPU.ActiveCfg = Release|Any CPU
		{BDDBEFA1-35A1-47F9-92EE-FD71DA770EC9}.Release|Any CPU.Build.0 = Release|Any CPU
		{BDDBEFA1-35A1-47F9-92EE-FD71DA770EC9}.Release|x64.ActiveCfg = Release|Any CPU
		{BDDBEFA1-35A1-47F9-92EE-FD71DA770EC9}.Release|x64.Build.0 = Release|Any CPU
		{BDDBEFA1-35A1-47F9-92EE-FD71DA770EC9}.Release|x86.ActiveCfg = Release|Any CPU
		{BDDBEFA1-35A1-47F9-92EE-FD71DA770EC9}.Release|x86.Build.0 = Release|Any CPU
		{013C3CB2-7E53-4DF2-BCD1-3A77AF7FCC7B}.Debug|Any CPU.ActiveCfg = Debug|Any CPU
		{013C3CB2-7E53-4DF2-BCD1-3A77AF7FCC7B}.Debug|Any CPU.Build.0 = Debug|Any CPU
		{013C3CB2-7E53-4DF2-BCD1-3A77AF7FCC7B}.Debug|x64.ActiveCfg = Debug|Any CPU
		{013C3CB2-7E53-4DF2-BCD1-3A77AF7FCC7B}.Debug|x64.Build.0 = Debug|Any CPU
		{013C3CB2-7E53-4DF2-BCD1-3A77AF7FCC7B}.Debug|x86.ActiveCfg = Debug|Any CPU
		{013C3CB2-7E53-4DF2-BCD1-3A77AF7FCC7B}.Debug|x86.Build.0 = Debug|Any CPU
		{013C3CB2-7E53-4DF2-BCD1-3A77AF7FCC7B}.Release|Any CPU.ActiveCfg = Release|Any CPU
		{013C3CB2-7E53-4DF2-BCD1-3A77AF7FCC7B}.Release|Any CPU.Build.0 = Release|Any CPU
		{013C3CB2-7E53-4DF2-BCD1-3A77AF7FCC7B}.Release|x64.ActiveCfg = Release|Any CPU
		{013C3CB2-7E53-4DF2-BCD1-3A77AF7FCC7B}.Release|x64.Build.0 = Release|Any CPU
		{013C3CB2-7E53-4DF2-BCD1-3A77AF7FCC7B}.Release|x86.ActiveCfg = Release|Any CPU
		{013C3CB2-7E53-4DF2-BCD1-3A77AF7FCC7B}.Release|x86.Build.0 = Release|Any CPU
		{AE83209D-4A70-4271-B659-345440741216}.Debug|Any CPU.ActiveCfg = Debug|Any CPU
		{AE83209D-4A70-4271-B659-345440741216}.Debug|Any CPU.Build.0 = Debug|Any CPU
		{AE83209D-4A70-4271-B659-345440741216}.Debug|x64.ActiveCfg = Debug|Any CPU
		{AE83209D-4A70-4271-B659-345440741216}.Debug|x64.Build.0 = Debug|Any CPU
		{AE83209D-4A70-4271-B659-345440741216}.Debug|x86.ActiveCfg = Debug|Any CPU
		{AE83209D-4A70-4271-B659-345440741216}.Debug|x86.Build.0 = Debug|Any CPU
		{AE83209D-4A70-4271-B659-345440741216}.Release|Any CPU.ActiveCfg = Release|Any CPU
		{AE83209D-4A70-4271-B659-345440741216}.Release|Any CPU.Build.0 = Release|Any CPU
		{AE83209D-4A70-4271-B659-345440741216}.Release|x64.ActiveCfg = Release|Any CPU
		{AE83209D-4A70-4271-B659-345440741216}.Release|x64.Build.0 = Release|Any CPU
		{AE83209D-4A70-4271-B659-345440741216}.Release|x86.ActiveCfg = Release|Any CPU
		{AE83209D-4A70-4271-B659-345440741216}.Release|x86.Build.0 = Release|Any CPU
		{BC975C5C-1F93-4C4A-B0CF-BF71E8941709}.Debug|Any CPU.ActiveCfg = Debug|Any CPU
		{BC975C5C-1F93-4C4A-B0CF-BF71E8941709}.Debug|Any CPU.Build.0 = Debug|Any CPU
		{BC975C5C-1F93-4C4A-B0CF-BF71E8941709}.Debug|x64.ActiveCfg = Debug|Any CPU
		{BC975C5C-1F93-4C4A-B0CF-BF71E8941709}.Debug|x64.Build.0 = Debug|Any CPU
		{BC975C5C-1F93-4C4A-B0CF-BF71E8941709}.Debug|x86.ActiveCfg = Debug|Any CPU
		{BC975C5C-1F93-4C4A-B0CF-BF71E8941709}.Debug|x86.Build.0 = Debug|Any CPU
		{BC975C5C-1F93-4C4A-B0CF-BF71E8941709}.Release|Any CPU.ActiveCfg = Release|Any CPU
		{BC975C5C-1F93-4C4A-B0CF-BF71E8941709}.Release|Any CPU.Build.0 = Release|Any CPU
		{BC975C5C-1F93-4C4A-B0CF-BF71E8941709}.Release|x64.ActiveCfg = Release|Any CPU
		{BC975C5C-1F93-4C4A-B0CF-BF71E8941709}.Release|x64.Build.0 = Release|Any CPU
		{BC975C5C-1F93-4C4A-B0CF-BF71E8941709}.Release|x86.ActiveCfg = Release|Any CPU
		{BC975C5C-1F93-4C4A-B0CF-BF71E8941709}.Release|x86.Build.0 = Release|Any CPU
	EndGlobalSection
	GlobalSection(SolutionProperties) = preSolution
		HideSolutionNode = FALSE
	EndGlobalSection
	GlobalSection(NestedProjects) = preSolution
		{87A84B2D-54D3-4925-BD1B-465D87794875} = {827E0CD3-B72D-47B6-A68D-7590B98EB39B}
		{50762974-2B83-4E65-8ABF-85ACBE1448D0} = {827E0CD3-B72D-47B6-A68D-7590B98EB39B}
		{9205E062-8835-43A9-BBFB-5CEED3342180} = {827E0CD3-B72D-47B6-A68D-7590B98EB39B}
		{DF1C0486-F0FC-43BC-94D9-4CFB42CFCACB} = {827E0CD3-B72D-47B6-A68D-7590B98EB39B}
		{BDDBEFA1-35A1-47F9-92EE-FD71DA770EC9} = {0AB3BF05-4346-4AA6-1389-037BE0695223}
		{013C3CB2-7E53-4DF2-BCD1-3A77AF7FCC7B} = {0AB3BF05-4346-4AA6-1389-037BE0695223}
		{AE83209D-4A70-4271-B659-345440741216} = {0AB3BF05-4346-4AA6-1389-037BE0695223}
		{BC975C5C-1F93-4C4A-B0CF-BF71E8941709} = {0AB3BF05-4346-4AA6-1389-037BE0695223}
	EndGlobalSection
EndGlobal
